
Microsoft Visual Studio Solution File, Format Version 12.00
# Visual Studio Version 16
VisualStudioVersion = 16.0.31112.23
MinimumVisualStudioVersion = 10.0.40219.1
Project("{FAE04EC0-301F-11D3-BF4B-00C04F79EFBC}") = "CSDiscordTelegramLink", "CSDiscordTelegramLink\CSDiscordTelegramLink.csproj", "{B246990C-E756-41D0-806F-6295E6A140ED}"
EndProject
Global
	GlobalSection(SolutionConfigurationPlatforms) = preSolution
		Debug|Any CPU = Debug|Any CPU
		Release|Any CPU = Release|Any CPU
	EndGlobalSection
	GlobalSection(ProjectConfigurationPlatforms) = postSolution
		{B246990C-E756-41D0-806F-6295E6A140ED}.Debug|Any CPU.ActiveCfg = Debug|Any CPU
		{B246990C-E756-41D0-806F-6295E6A140ED}.Debug|Any CPU.Build.0 = Debug|Any CPU
		{B246990C-E756-41D0-806F-6295E6A140ED}.Release|Any CPU.ActiveCfg = Release|Any CPU
		{B246990C-E756-41D0-806F-6295E6A140ED}.Release|Any CPU.Build.0 = Release|Any CPU
	EndGlobalSection
	GlobalSection(SolutionProperties) = preSolution
		HideSolutionNode = FALSE
	EndGlobalSection
	GlobalSection(ExtensibilityGlobals) = postSolution
		SolutionGuid = {DF1C6128-DD8E-4FC5-9A42-821AAB26DBAD}
	EndGlobalSection
EndGlobal
